// !$*UTF8*$!
{
	archiveVersion = 1;
	classes = {
	};
	objectVersion = 56;
	objects = {

/* Begin PBXBuildFile section */
		86471CC72BB3A13A00D4B780 /* ImagePicker.swift in Sources */ = {isa = PBXBuildFile; fileRef = 86471CC62BB3A13A00D4B780 /* ImagePicker.swift */; };
		86471CC92BB3D4B300D4B780 /* FirebaseStorage in Frameworks */ = {isa = PBXBuildFile; productRef = 86471CC82BB3D4B300D4B780 /* FirebaseStorage */; };
		86DFAD382BAD425800C7C242 /* BeHarmonyApp.swift in Sources */ = {isa = PBXBuildFile; fileRef = 86DFAD372BAD425800C7C242 /* BeHarmonyApp.swift */; };
		86DFAD3A2BAD425800C7C242 /* ContentView.swift in Sources */ = {isa = PBXBuildFile; fileRef = 86DFAD392BAD425800C7C242 /* ContentView.swift */; };
		86DFAD3C2BAD425900C7C242 /* Assets.xcassets in Resources */ = {isa = PBXBuildFile; fileRef = 86DFAD3B2BAD425900C7C242 /* Assets.xcassets */; };
		86DFAD3F2BAD425900C7C242 /* Preview Assets.xcassets in Resources */ = {isa = PBXBuildFile; fileRef = 86DFAD3E2BAD425900C7C242 /* Preview Assets.xcassets */; };
		86DFAD472BAE744400C7C242 /* GoogleService-Info.plist in Resources */ = {isa = PBXBuildFile; fileRef = 86DFAD462BAE744400C7C242 /* GoogleService-Info.plist */; };
		86DFAD4A2BAE78B000C7C242 /* FirebaseAnalytics in Frameworks */ = {isa = PBXBuildFile; productRef = 86DFAD492BAE78B000C7C242 /* FirebaseAnalytics */; };
		86DFAD4C2BAE78B000C7C242 /* FirebaseAnalyticsSwift in Frameworks */ = {isa = PBXBuildFile; productRef = 86DFAD4B2BAE78B000C7C242 /* FirebaseAnalyticsSwift */; };
		86DFAD4F2BAE8C8200C7C242 /* FirebaseAuth in Frameworks */ = {isa = PBXBuildFile; productRef = 86DFAD4E2BAE8C8200C7C242 /* FirebaseAuth */; };
		86DFAD522BAEA30200C7C242 /* LoginPage.swift in Sources */ = {isa = PBXBuildFile; fileRef = 86DFAD512BAEA30200C7C242 /* LoginPage.swift */; };
		86DFAD542BAF5BF000C7C242 /* SignUpEmail.swift in Sources */ = {isa = PBXBuildFile; fileRef = 86DFAD532BAF5BF000C7C242 /* SignUpEmail.swift */; };
		86DFAD562BAF7EF200C7C242 /* AuthManager.swift in Sources */ = {isa = PBXBuildFile; fileRef = 86DFAD552BAF7EF200C7C242 /* AuthManager.swift */; };
		86DFAD592BAF894D00C7C242 /* RootView.swift in Sources */ = {isa = PBXBuildFile; fileRef = 86DFAD582BAF894D00C7C242 /* RootView.swift */; };
		86DFAD5B2BAF8ECA00C7C242 /* SettingsView.swift in Sources */ = {isa = PBXBuildFile; fileRef = 86DFAD5A2BAF8ECA00C7C242 /* SettingsView.swift */; };
		86DFAD5D2BAFA05100C7C242 /* SignInEmail.swift in Sources */ = {isa = PBXBuildFile; fileRef = 86DFAD5C2BAFA05100C7C242 /* SignInEmail.swift */; };
		86DFAD5F2BB0965D00C7C242 /* ResetPassword.swift in Sources */ = {isa = PBXBuildFile; fileRef = 86DFAD5E2BB0965D00C7C242 /* ResetPassword.swift */; };
		86DFAD612BB0A75000C7C242 /* FirebaseFirestore in Frameworks */ = {isa = PBXBuildFile; productRef = 86DFAD602BB0A75000C7C242 /* FirebaseFirestore */; };
		86DFAD632BB0A75000C7C242 /* FirebaseFirestoreSwift in Frameworks */ = {isa = PBXBuildFile; productRef = 86DFAD622BB0A75000C7C242 /* FirebaseFirestoreSwift */; };
		86DFAD672BB0ADBB00C7C242 /* SettingsViewModel.swift in Sources */ = {isa = PBXBuildFile; fileRef = 86DFAD662BB0ADBB00C7C242 /* SettingsViewModel.swift */; };
		86DFAD6E2BB0AE7500C7C242 /* ProfileView.swift in Sources */ = {isa = PBXBuildFile; fileRef = 86DFAD6D2BB0AE7500C7C242 /* ProfileView.swift */; };
		86DFAD722BB0B38400C7C242 /* UserManager.swift in Sources */ = {isa = PBXBuildFile; fileRef = 86DFAD712BB0B38400C7C242 /* UserManager.swift */; };
/* End PBXBuildFile section */

/* Begin PBXFileReference section */
		86471CC62BB3A13A00D4B780 /* ImagePicker.swift */ = {isa = PBXFileReference; lastKnownFileType = sourcecode.swift; path = ImagePicker.swift; sourceTree = "<group>"; };
		86DFAD342BAD425800C7C242 /* BeHarmony.app */ = {isa = PBXFileReference; explicitFileType = wrapper.application; includeInIndex = 0; path = BeHarmony.app; sourceTree = BUILT_PRODUCTS_DIR; };
		86DFAD372BAD425800C7C242 /* BeHarmonyApp.swift */ = {isa = PBXFileReference; lastKnownFileType = sourcecode.swift; path = BeHarmonyApp.swift; sourceTree = "<group>"; };
		86DFAD392BAD425800C7C242 /* ContentView.swift */ = {isa = PBXFileReference; lastKnownFileType = sourcecode.swift; path = ContentView.swift; sourceTree = "<group>"; };
		86DFAD3B2BAD425900C7C242 /* Assets.xcassets */ = {isa = PBXFileReference; lastKnownFileType = folder.assetcatalog; path = Assets.xcassets; sourceTree = "<group>"; };
		86DFAD3E2BAD425900C7C242 /* Preview Assets.xcassets */ = {isa = PBXFileReference; lastKnownFileType = folder.assetcatalog; path = "Preview Assets.xcassets"; sourceTree = "<group>"; };
		86DFAD402BAD425900C7C242 /* BeHarmony.entitlements */ = {isa = PBXFileReference; lastKnownFileType = text.plist.entitlements; path = BeHarmony.entitlements; sourceTree = "<group>"; };
		86DFAD462BAE744400C7C242 /* GoogleService-Info.plist */ = {isa = PBXFileReference; fileEncoding = 4; lastKnownFileType = text.plist.xml; name = "GoogleService-Info.plist"; path = "../../../Downloads/GoogleService-Info.plist"; sourceTree = "<group>"; };
		86DFAD512BAEA30200C7C242 /* LoginPage.swift */ = {isa = PBXFileReference; lastKnownFileType = sourcecode.swift; path = LoginPage.swift; sourceTree = "<group>"; };
		86DFAD532BAF5BF000C7C242 /* SignUpEmail.swift */ = {isa = PBXFileReference; lastKnownFileType = sourcecode.swift; path = SignUpEmail.swift; sourceTree = "<group>"; };
		86DFAD552BAF7EF200C7C242 /* AuthManager.swift */ = {isa = PBXFileReference; lastKnownFileType = sourcecode.swift; path = AuthManager.swift; sourceTree = "<group>"; };
		86DFAD582BAF894D00C7C242 /* RootView.swift */ = {isa = PBXFileReference; lastKnownFileType = sourcecode.swift; path = RootView.swift; sourceTree = "<group>"; };
		86DFAD5A2BAF8ECA00C7C242 /* SettingsView.swift */ = {isa = PBXFileReference; lastKnownFileType = sourcecode.swift; path = SettingsView.swift; sourceTree = "<group>"; };
		86DFAD5C2BAFA05100C7C242 /* SignInEmail.swift */ = {isa = PBXFileReference; lastKnownFileType = sourcecode.swift; path = SignInEmail.swift; sourceTree = "<group>"; };
		86DFAD5E2BB0965D00C7C242 /* ResetPassword.swift */ = {isa = PBXFileReference; lastKnownFileType = sourcecode.swift; path = ResetPassword.swift; sourceTree = "<group>"; };
		86DFAD662BB0ADBB00C7C242 /* SettingsViewModel.swift */ = {isa = PBXFileReference; lastKnownFileType = sourcecode.swift; path = SettingsViewModel.swift; sourceTree = "<group>"; };
		86DFAD6D2BB0AE7500C7C242 /* ProfileView.swift */ = {isa = PBXFileReference; lastKnownFileType = sourcecode.swift; path = ProfileView.swift; sourceTree = "<group>"; };
		86DFAD712BB0B38400C7C242 /* UserManager.swift */ = {isa = PBXFileReference; lastKnownFileType = sourcecode.swift; path = UserManager.swift; sourceTree = "<group>"; };
/* End PBXFileReference section */

/* Begin PBXFrameworksBuildPhase section */
		86DFAD312BAD425800C7C242 /* Frameworks */ = {
			isa = PBXFrameworksBuildPhase;
			buildActionMask = 2147483647;
			files = (
				86DFAD632BB0A75000C7C242 /* FirebaseFirestoreSwift in Frameworks */,
				86DFAD4C2BAE78B000C7C242 /* FirebaseAnalyticsSwift in Frameworks */,
				86DFAD612BB0A75000C7C242 /* FirebaseFirestore in Frameworks */,
				86DFAD4F2BAE8C8200C7C242 /* FirebaseAuth in Frameworks */,
				86DFAD4A2BAE78B000C7C242 /* FirebaseAnalytics in Frameworks */,
				86471CC92BB3D4B300D4B780 /* FirebaseStorage in Frameworks */,
			);
			runOnlyForDeploymentPostprocessing = 0;
		};
/* End PBXFrameworksBuildPhase section */

/* Begin PBXGroup section */
		86DFAD2B2BAD425800C7C242 = {
			isa = PBXGroup;
			children = (
				86DFAD362BAD425800C7C242 /* BeHarmony */,
				86DFAD352BAD425800C7C242 /* Products */,
				86DFAD4D2BAE8C8200C7C242 /* Frameworks */,
			);
			sourceTree = "<group>";
		};
		86DFAD352BAD425800C7C242 /* Products */ = {
			isa = PBXGroup;
			children = (
				86DFAD342BAD425800C7C242 /* BeHarmony.app */,
			);
			name = Products;
			sourceTree = "<group>";
		};
		86DFAD362BAD425800C7C242 /* BeHarmony */ = {
			isa = PBXGroup;
			children = (
				86DFAD372BAD425800C7C242 /* BeHarmonyApp.swift */,
				86DFAD392BAD425800C7C242 /* ContentView.swift */,
				86DFAD642BB0A7B000C7C242 /* Core */,
				86DFAD502BAEA2DA00C7C242 /* Authentication */,
				86DFAD702BB0B35B00C7C242 /* FireStore */,
				86DFAD462BAE744400C7C242 /* GoogleService-Info.plist */,
				86DFAD3B2BAD425900C7C242 /* Assets.xcassets */,
				86DFAD402BAD425900C7C242 /* BeHarmony.entitlements */,
				86DFAD3D2BAD425900C7C242 /* Preview Content */,
			);
			path = BeHarmony;
			sourceTree = "<group>";
		};
		86DFAD3D2BAD425900C7C242 /* Preview Content */ = {
			isa = PBXGroup;
			children = (
				86DFAD3E2BAD425900C7C242 /* Preview Assets.xcassets */,
			);
			path = "Preview Content";
			sourceTree = "<group>";
		};
		86DFAD4D2BAE8C8200C7C242 /* Frameworks */ = {
			isa = PBXGroup;
			children = (
			);
			name = Frameworks;
			sourceTree = "<group>";
		};
		86DFAD502BAEA2DA00C7C242 /* Authentication */ = {
			isa = PBXGroup;
			children = (
				86DFAD532BAF5BF000C7C242 /* SignUpEmail.swift */,
				86DFAD5C2BAFA05100C7C242 /* SignInEmail.swift */,
				86DFAD5E2BB0965D00C7C242 /* ResetPassword.swift */,
			);
			path = Authentication;
			sourceTree = "<group>";
		};
		86DFAD642BB0A7B000C7C242 /* Core */ = {
			isa = PBXGroup;
			children = (
				86DFAD582BAF894D00C7C242 /* RootView.swift */,
				86DFAD6C2BB0AE6700C7C242 /* Profile */,
				86DFAD682BB0ADF600C7C242 /* Authentication */,
				86DFAD652BB0ADA900C7C242 /* Settings */,
			);
			path = Core;
			sourceTree = "<group>";
		};
		86DFAD652BB0ADA900C7C242 /* Settings */ = {
			isa = PBXGroup;
			children = (
				86DFAD662BB0ADBB00C7C242 /* SettingsViewModel.swift */,
				86DFAD5A2BAF8ECA00C7C242 /* SettingsView.swift */,
			);
			path = Settings;
			sourceTree = "<group>";
		};
		86DFAD682BB0ADF600C7C242 /* Authentication */ = {
			isa = PBXGroup;
			children = (
				86DFAD552BAF7EF200C7C242 /* AuthManager.swift */,
				86DFAD512BAEA30200C7C242 /* LoginPage.swift */,
			);
			path = Authentication;
			sourceTree = "<group>";
		};
		86DFAD6C2BB0AE6700C7C242 /* Profile */ = {
			isa = PBXGroup;
			children = (
				86DFAD6D2BB0AE7500C7C242 /* ProfileView.swift */,
				86471CC62BB3A13A00D4B780 /* ImagePicker.swift */,
			);
			path = Profile;
			sourceTree = "<group>";
		};
		86DFAD702BB0B35B00C7C242 /* FireStore */ = {
			isa = PBXGroup;
			children = (
				86DFAD712BB0B38400C7C242 /* UserManager.swift */,
			);
			path = FireStore;
			sourceTree = "<group>";
		};
/* End PBXGroup section */

/* Begin PBXNativeTarget section */
		86DFAD332BAD425800C7C242 /* BeHarmony */ = {
			isa = PBXNativeTarget;
			buildConfigurationList = 86DFAD432BAD425900C7C242 /* Build configuration list for PBXNativeTarget "BeHarmony" */;
			buildPhases = (
				86DFAD302BAD425800C7C242 /* Sources */,
				86DFAD312BAD425800C7C242 /* Frameworks */,
				86DFAD322BAD425800C7C242 /* Resources */,
			);
			buildRules = (
			);
			dependencies = (
			);
			name = BeHarmony;
			packageProductDependencies = (
				86DFAD492BAE78B000C7C242 /* FirebaseAnalytics */,
				86DFAD4B2BAE78B000C7C242 /* FirebaseAnalyticsSwift */,
				86DFAD4E2BAE8C8200C7C242 /* FirebaseAuth */,
				86DFAD602BB0A75000C7C242 /* FirebaseFirestore */,
				86DFAD622BB0A75000C7C242 /* FirebaseFirestoreSwift */,
				86471CC82BB3D4B300D4B780 /* FirebaseStorage */,
			);
			productName = BeHarmony;
			productReference = 86DFAD342BAD425800C7C242 /* BeHarmony.app */;
			productType = "com.apple.product-type.application";
		};
/* End PBXNativeTarget section */

/* Begin PBXProject section */
		86DFAD2C2BAD425800C7C242 /* Project object */ = {
			isa = PBXProject;
			attributes = {
				BuildIndependentTargetsInParallel = 1;
				LastSwiftUpdateCheck = 1530;
				LastUpgradeCheck = 1530;
				TargetAttributes = {
					86DFAD332BAD425800C7C242 = {
						CreatedOnToolsVersion = 15.3;
					};
				};
			};
			buildConfigurationList = 86DFAD2F2BAD425800C7C242 /* Build configuration list for PBXProject "BeHarmony" */;
			compatibilityVersion = "Xcode 14.0";
			developmentRegion = en;
			hasScannedForEncodings = 0;
			knownRegions = (
				en,
				Base,
			);
			mainGroup = 86DFAD2B2BAD425800C7C242;
			packageReferences = (
				86DFAD482BAE78B000C7C242 /* XCRemoteSwiftPackageReference "firebase-ios-sdk" */,
			);
			productRefGroup = 86DFAD352BAD425800C7C242 /* Products */;
			projectDirPath = "";
			projectRoot = "";
			targets = (
				86DFAD332BAD425800C7C242 /* BeHarmony */,
			);
		};
/* End PBXProject section */

/* Begin PBXResourcesBuildPhase section */
		86DFAD322BAD425800C7C242 /* Resources */ = {
			isa = PBXResourcesBuildPhase;
			buildActionMask = 2147483647;
			files = (
				86DFAD3F2BAD425900C7C242 /* Preview Assets.xcassets in Resources */,
				86DFAD3C2BAD425900C7C242 /* Assets.xcassets in Resources */,
				86DFAD472BAE744400C7C242 /* GoogleService-Info.plist in Resources */,
			);
			runOnlyForDeploymentPostprocessing = 0;
		};
/* End PBXResourcesBuildPhase section */

/* Begin PBXSourcesBuildPhase section */
		86DFAD302BAD425800C7C242 /* Sources */ = {
			isa = PBXSourcesBuildPhase;
			buildActionMask = 2147483647;
			files = (
				86471CC72BB3A13A00D4B780 /* ImagePicker.swift in Sources */,
				86DFAD5B2BAF8ECA00C7C242 /* SettingsView.swift in Sources */,
				86DFAD542BAF5BF000C7C242 /* SignUpEmail.swift in Sources */,
				86DFAD3A2BAD425800C7C242 /* ContentView.swift in Sources */,
				86DFAD5F2BB0965D00C7C242 /* ResetPassword.swift in Sources */,
				86DFAD592BAF894D00C7C242 /* RootView.swift in Sources */,
				86DFAD672BB0ADBB00C7C242 /* SettingsViewModel.swift in Sources */,
				86DFAD722BB0B38400C7C242 /* UserManager.swift in Sources */,
				86DFAD5D2BAFA05100C7C242 /* SignInEmail.swift in Sources */,
				86DFAD522BAEA30200C7C242 /* LoginPage.swift in Sources */,
				86DFAD382BAD425800C7C242 /* BeHarmonyApp.swift in Sources */,
				86DFAD6E2BB0AE7500C7C242 /* ProfileView.swift in Sources */,
				86DFAD562BAF7EF200C7C242 /* AuthManager.swift in Sources */,
			);
			runOnlyForDeploymentPostprocessing = 0;
		};
/* End PBXSourcesBuildPhase section */

/* Begin XCBuildConfiguration section */
		86DFAD412BAD425900C7C242 /* Debug */ = {
			isa = XCBuildConfiguration;
			buildSettings = {
				ALWAYS_SEARCH_USER_PATHS = NO;
				ASSETCATALOG_COMPILER_GENERATE_SWIFT_ASSET_SYMBOL_EXTENSIONS = YES;
				CLANG_ANALYZER_NONNULL = YES;
				CLANG_ANALYZER_NUMBER_OBJECT_CONVERSION = YES_AGGRESSIVE;
				CLANG_CXX_LANGUAGE_STANDARD = "gnu++20";
				CLANG_ENABLE_MODULES = YES;
				CLANG_ENABLE_OBJC_ARC = YES;
				CLANG_ENABLE_OBJC_WEAK = YES;
				CLANG_WARN_BLOCK_CAPTURE_AUTORELEASING = YES;
				CLANG_WARN_BOOL_CONVERSION = YES;
				CLANG_WARN_COMMA = YES;
				CLANG_WARN_CONSTANT_CONVERSION = YES;
				CLANG_WARN_DEPRECATED_OBJC_IMPLEMENTATIONS = YES;
				CLANG_WARN_DIRECT_OBJC_ISA_USAGE = YES_ERROR;
				CLANG_WARN_DOCUMENTATION_COMMENTS = YES;
				CLANG_WARN_EMPTY_BODY = YES;
				CLANG_WARN_ENUM_CONVERSION = YES;
				CLANG_WARN_INFINITE_RECURSION = YES;
				CLANG_WARN_INT_CONVERSION = YES;
				CLANG_WARN_NON_LITERAL_NULL_CONVERSION = YES;
				CLANG_WARN_OBJC_IMPLICIT_RETAIN_SELF = YES;
				CLANG_WARN_OBJC_LITERAL_CONVERSION = YES;
				CLANG_WARN_OBJC_ROOT_CLASS = YES_ERROR;
				CLANG_WARN_QUOTED_INCLUDE_IN_FRAMEWORK_HEADER = YES;
				CLANG_WARN_RANGE_LOOP_ANALYSIS = YES;
				CLANG_WARN_STRICT_PROTOTYPES = YES;
				CLANG_WARN_SUSPICIOUS_MOVE = YES;
				CLANG_WARN_UNGUARDED_AVAILABILITY = YES_AGGRESSIVE;
				CLANG_WARN_UNREACHABLE_CODE = YES;
				CLANG_WARN__DUPLICATE_METHOD_MATCH = YES;
				COPY_PHASE_STRIP = NO;
				DEBUG_INFORMATION_FORMAT = dwarf;
				ENABLE_STRICT_OBJC_MSGSEND = YES;
				ENABLE_TESTABILITY = YES;
				ENABLE_USER_SCRIPT_SANDBOXING = YES;
				GCC_C_LANGUAGE_STANDARD = gnu17;
				GCC_DYNAMIC_NO_PIC = NO;
				GCC_NO_COMMON_BLOCKS = YES;
				GCC_OPTIMIZATION_LEVEL = 0;
				GCC_PREPROCESSOR_DEFINITIONS = (
					"DEBUG=1",
					"$(inherited)",
				);
				GCC_WARN_64_TO_32_BIT_CONVERSION = YES;
				GCC_WARN_ABOUT_RETURN_TYPE = YES_ERROR;
				GCC_WARN_UNDECLARED_SELECTOR = YES;
				GCC_WARN_UNINITIALIZED_AUTOS = YES_AGGRESSIVE;
				GCC_WARN_UNUSED_FUNCTION = YES;
				GCC_WARN_UNUSED_VARIABLE = YES;
				LOCALIZATION_PREFERS_STRING_CATALOGS = YES;
				MACOSX_DEPLOYMENT_TARGET = 14.4;
				MTL_ENABLE_DEBUG_INFO = INCLUDE_SOURCE;
				MTL_FAST_MATH = YES;
				ONLY_ACTIVE_ARCH = YES;
				SDKROOT = macosx;
				SWIFT_ACTIVE_COMPILATION_CONDITIONS = "DEBUG $(inherited)";
				SWIFT_OPTIMIZATION_LEVEL = "-Onone";
			};
			name = Debug;
		};
		86DFAD422BAD425900C7C242 /* Release */ = {
			isa = XCBuildConfiguration;
			buildSettings = {
				ALWAYS_SEARCH_USER_PATHS = NO;
				ASSETCATALOG_COMPILER_GENERATE_SWIFT_ASSET_SYMBOL_EXTENSIONS = YES;
				CLANG_ANALYZER_NONNULL = YES;
				CLANG_ANALYZER_NUMBER_OBJECT_CONVERSION = YES_AGGRESSIVE;
				CLANG_CXX_LANGUAGE_STANDARD = "gnu++20";
				CLANG_ENABLE_MODULES = YES;
				CLANG_ENABLE_OBJC_ARC = YES;
				CLANG_ENABLE_OBJC_WEAK = YES;
				CLANG_WARN_BLOCK_CAPTURE_AUTORELEASING = YES;
				CLANG_WARN_BOOL_CONVERSION = YES;
				CLANG_WARN_COMMA = YES;
				CLANG_WARN_CONSTANT_CONVERSION = YES;
				CLANG_WARN_DEPRECATED_OBJC_IMPLEMENTATIONS = YES;
				CLANG_WARN_DIRECT_OBJC_ISA_USAGE = YES_ERROR;
				CLANG_WARN_DOCUMENTATION_COMMENTS = YES;
				CLANG_WARN_EMPTY_BODY = YES;
				CLANG_WARN_ENUM_CONVERSION = YES;
				CLANG_WARN_INFINITE_RECURSION = YES;
				CLANG_WARN_INT_CONVERSION = YES;
				CLANG_WARN_NON_LITERAL_NULL_CONVERSION = YES;
				CLANG_WARN_OBJC_IMPLICIT_RETAIN_SELF = YES;
				CLANG_WARN_OBJC_LITERAL_CONVERSION = YES;
				CLANG_WARN_OBJC_ROOT_CLASS = YES_ERROR;
				CLANG_WARN_QUOTED_INCLUDE_IN_FRAMEWORK_HEADER = YES;
				CLANG_WARN_RANGE_LOOP_ANALYSIS = YES;
				CLANG_WARN_STRICT_PROTOTYPES = YES;
				CLANG_WARN_SUSPICIOUS_MOVE = YES;
				CLANG_WARN_UNGUARDED_AVAILABILITY = YES_AGGRESSIVE;
				CLANG_WARN_UNREACHABLE_CODE = YES;
				CLANG_WARN__DUPLICATE_METHOD_MATCH = YES;
				COPY_PHASE_STRIP = NO;
				DEBUG_INFORMATION_FORMAT = "dwarf-with-dsym";
				ENABLE_NS_ASSERTIONS = NO;
				ENABLE_STRICT_OBJC_MSGSEND = YES;
				ENABLE_USER_SCRIPT_SANDBOXING = YES;
				GCC_C_LANGUAGE_STANDARD = gnu17;
				GCC_NO_COMMON_BLOCKS = YES;
				GCC_WARN_64_TO_32_BIT_CONVERSION = YES;
				GCC_WARN_ABOUT_RETURN_TYPE = YES_ERROR;
				GCC_WARN_UNDECLARED_SELECTOR = YES;
				GCC_WARN_UNINITIALIZED_AUTOS = YES_AGGRESSIVE;
				GCC_WARN_UNUSED_FUNCTION = YES;
				GCC_WARN_UNUSED_VARIABLE = YES;
				LOCALIZATION_PREFERS_STRING_CATALOGS = YES;
				MACOSX_DEPLOYMENT_TARGET = 14.4;
				MTL_ENABLE_DEBUG_INFO = NO;
				MTL_FAST_MATH = YES;
				SDKROOT = macosx;
				SWIFT_COMPILATION_MODE = wholemodule;
			};
			name = Release;
		};
		86DFAD442BAD425900C7C242 /* Debug */ = {
			isa = XCBuildConfiguration;
			buildSettings = {
				ASSETCATALOG_COMPILER_APPICON_NAME = AppIcon;
				ASSETCATALOG_COMPILER_GLOBAL_ACCENT_COLOR_NAME = AccentColor;
				CODE_SIGN_ENTITLEMENTS = BeHarmony/BeHarmony.entitlements;
				CODE_SIGN_STYLE = Automatic;
				COMBINE_HIDPI_IMAGES = YES;
				CURRENT_PROJECT_VERSION = 1;
				DEVELOPMENT_ASSET_PATHS = "\"BeHarmony/Preview Content\"";
				ENABLE_PREVIEWS = YES;
				GENERATE_INFOPLIST_FILE = YES;
				INFOPLIST_KEY_NSHumanReadableCopyright = "";
				INFOPLIST_KEY_UISupportedInterfaceOrientations = UIInterfaceOrientationPortrait;
				INFOPLIST_KEY_UISupportedInterfaceOrientations_iPad = UIInterfaceOrientationPortraitUpsideDown;
				LD_RUNPATH_SEARCH_PATHS = (
					"$(inherited)",
					"@executable_path/../Frameworks",
				);
				MARKETING_VERSION = 1.0;
				PRODUCT_BUNDLE_IDENTIFIER = com.BeHarmony;
				PRODUCT_NAME = "$(TARGET_NAME)";
				SUPPORTED_PLATFORMS = "iphoneos iphonesimulator macosx";
				SUPPORTS_MACCATALYST = NO;
				SWIFT_EMIT_LOC_STRINGS = YES;
				SWIFT_VERSION = 5.0;
				TARGETED_DEVICE_FAMILY = 1;
			};
			name = Debug;
		};
		86DFAD452BAD425900C7C242 /* Release */ = {
			isa = XCBuildConfiguration;
			buildSettings = {
				ASSETCATALOG_COMPILER_APPICON_NAME = AppIcon;
				ASSETCATALOG_COMPILER_GLOBAL_ACCENT_COLOR_NAME = AccentColor;
				CODE_SIGN_ENTITLEMENTS = BeHarmony/BeHarmony.entitlements;
				CODE_SIGN_STYLE = Automatic;
				COMBINE_HIDPI_IMAGES = YES;
				CURRENT_PROJECT_VERSION = 1;
				DEVELOPMENT_ASSET_PATHS = "\"BeHarmony/Preview Content\"";
				ENABLE_PREVIEWS = YES;
				GENERATE_INFOPLIST_FILE = YES;
				INFOPLIST_KEY_NSHumanReadableCopyright = "";
				INFOPLIST_KEY_UISupportedInterfaceOrientations = UIInterfaceOrientationPortrait;
				INFOPLIST_KEY_UISupportedInterfaceOrientations_iPad = UIInterfaceOrientationPortraitUpsideDown;
				LD_RUNPATH_SEARCH_PATHS = (
					"$(inherited)",
					"@executable_path/../Frameworks",
				);
				MARKETING_VERSION = 1.0;
				PRODUCT_BUNDLE_IDENTIFIER = com.BeHarmony;
				PRODUCT_NAME = "$(TARGET_NAME)";
				SUPPORTED_PLATFORMS = "iphoneos iphonesimulator macosx";
				SUPPORTS_MACCATALYST = NO;
				SWIFT_EMIT_LOC_STRINGS = YES;
				SWIFT_VERSION = 5.0;
				TARGETED_DEVICE_FAMILY = 1;
			};
			name = Release;
		};
/* End XCBuildConfiguration section */

/* Begin XCConfigurationList section */
		86DFAD2F2BAD425800C7C242 /* Build configuration list for PBXProject "BeHarmony" */ = {
			isa = XCConfigurationList;
			buildConfigurations = (
				86DFAD412BAD425900C7C242 /* Debug */,
				86DFAD422BAD425900C7C242 /* Release */,
			);
			defaultConfigurationIsVisible = 0;
			defaultConfigurationName = Release;
		};
		86DFAD432BAD425900C7C242 /* Build configuration list for PBXNativeTarget "BeHarmony" */ = {
			isa = XCConfigurationList;
			buildConfigurations = (
				86DFAD442BAD425900C7C242 /* Debug */,
				86DFAD452BAD425900C7C242 /* Release */,
			);
			defaultConfigurationIsVisible = 0;
			defaultConfigurationName = Release;
		};
/* End XCConfigurationList section */

/* Begin XCRemoteSwiftPackageReference section */
		86DFAD482BAE78B000C7C242 /* XCRemoteSwiftPackageReference "firebase-ios-sdk" */ = {
			isa = XCRemoteSwiftPackageReference;
			repositoryURL = "https://github.com/firebase/firebase-ios-sdk";
			requirement = {
				kind = upToNextMajorVersion;
				minimumVersion = 10.23.0;
			};
		};
/* End XCRemoteSwiftPackageReference section */

/* Begin XCSwiftPackageProductDependency section */
		86471CC82BB3D4B300D4B780 /* FirebaseStorage */ = {
			isa = XCSwiftPackageProductDependency;
			package = 86DFAD482BAE78B000C7C242 /* XCRemoteSwiftPackageReference "firebase-ios-sdk" */;
			productName = FirebaseStorage;
		};
		86DFAD492BAE78B000C7C242 /* FirebaseAnalytics */ = {
			isa = XCSwiftPackageProductDependency;
			package = 86DFAD482BAE78B000C7C242 /* XCRemoteSwiftPackageReference "firebase-ios-sdk" */;
			productName = FirebaseAnalytics;
		};
		86DFAD4B2BAE78B000C7C242 /* FirebaseAnalyticsSwift */ = {
			isa = XCSwiftPackageProductDependency;
			package = 86DFAD482BAE78B000C7C242 /* XCRemoteSwiftPackageReference "firebase-ios-sdk" */;
			productName = FirebaseAnalyticsSwift;
		};
		86DFAD4E2BAE8C8200C7C242 /* FirebaseAuth */ = {
			isa = XCSwiftPackageProductDependency;
			package = 86DFAD482BAE78B000C7C242 /* XCRemoteSwiftPackageReference "firebase-ios-sdk" */;
			productName = FirebaseAuth;
		};
		86DFAD602BB0A75000C7C242 /* FirebaseFirestore */ = {
			isa = XCSwiftPackageProductDependency;
			package = 86DFAD482BAE78B000C7C242 /* XCRemoteSwiftPackageReference "firebase-ios-sdk" */;
			productName = FirebaseFirestore;
		};
		86DFAD622BB0A75000C7C242 /* FirebaseFirestoreSwift */ = {
			isa = XCSwiftPackageProductDependency;
			package = 86DFAD482BAE78B000C7C242 /* XCRemoteSwiftPackageReference "firebase-ios-sdk" */;
			productName = FirebaseFirestoreSwift;
		};
/* End XCSwiftPackageProductDependency section */
	};
	rootObject = 86DFAD2C2BAD425800C7C242 /* Project object */;
}
